// !$*UTF8*$!
{
	archiveVersion = 1;
	classes = {
	};
	objectVersion = 50;
	objects = {

/* Begin PBXBuildFile section */
		012FC870252E96A400995FDF /* Hotel.storyboard in Resources */ = {isa = PBXBuildFile; fileRef = 012FC86F252E96A400995FDF /* Hotel.storyboard */; };
		016857C325311A2300867498 /* MainNavigationController.swift in Sources */ = {isa = PBXBuildFile; fileRef = 016857C225311A2300867498 /* MainNavigationController.swift */; };
		016857C82531208700867498 /* Helper.swift in Sources */ = {isa = PBXBuildFile; fileRef = 016857C72531208700867498 /* Helper.swift */; };
		01C5595A252D4EFE009BA5CB /* AppDelegate.swift in Sources */ = {isa = PBXBuildFile; fileRef = 01C55959252D4EFE009BA5CB /* AppDelegate.swift */; };
		01C5595C252D4EFE009BA5CB /* SceneDelegate.swift in Sources */ = {isa = PBXBuildFile; fileRef = 01C5595B252D4EFE009BA5CB /* SceneDelegate.swift */; };
		01C55961252D4EFE009BA5CB /* Main.storyboard in Resources */ = {isa = PBXBuildFile; fileRef = 01C5595F252D4EFE009BA5CB /* Main.storyboard */; };
		01C55963252D4EFF009BA5CB /* Assets.xcassets in Resources */ = {isa = PBXBuildFile; fileRef = 01C55962252D4EFF009BA5CB /* Assets.xcassets */; };
		01C55966252D4EFF009BA5CB /* LaunchScreen.storyboard in Resources */ = {isa = PBXBuildFile; fileRef = 01C55964252D4EFF009BA5CB /* LaunchScreen.storyboard */; };
		01C5597E252D5AD0009BA5CB /* WelcomeViewController.swift in Sources */ = {isa = PBXBuildFile; fileRef = 01C5597D252D5AD0009BA5CB /* WelcomeViewController.swift */; };
		01C55983252D5AE3009BA5CB /* ProfileViewController.swift in Sources */ = {isa = PBXBuildFile; fileRef = 01C55980252D5AE3009BA5CB /* ProfileViewController.swift */; };
		01C55984252D5AE3009BA5CB /* RegisterViewController.swift in Sources */ = {isa = PBXBuildFile; fileRef = 01C55981252D5AE3009BA5CB /* RegisterViewController.swift */; };
		01C55985252D5AE3009BA5CB /* EditRegisterViewController.swift in Sources */ = {isa = PBXBuildFile; fileRef = 01C55982252D5AE3009BA5CB /* EditRegisterViewController.swift */; };
		01C55989252D5AEE009BA5CB /* SearchHotelVC.swift in Sources */ = {isa = PBXBuildFile; fileRef = 01C55987252D5AEE009BA5CB /* SearchHotelVC.swift */; };
		01C5598A252D5AEE009BA5CB /* HotelDetailVC.swift in Sources */ = {isa = PBXBuildFile; fileRef = 01C55988252D5AEE009BA5CB /* HotelDetailVC.swift */; };
		01C5598F252D5AF7009BA5CB /* BookingListViewController.swift in Sources */ = {isa = PBXBuildFile; fileRef = 01C5598C252D5AF7009BA5CB /* BookingListViewController.swift */; };
		01C55990252D5AF7009BA5CB /* BookingDetailViewController.swift in Sources */ = {isa = PBXBuildFile; fileRef = 01C5598D252D5AF7009BA5CB /* BookingDetailViewController.swift */; };
		01C55991252D5AF7009BA5CB /* BookingVC.swift in Sources */ = {isa = PBXBuildFile; fileRef = 01C5598E252D5AF7009BA5CB /* BookingVC.swift */; };
		01C55994252D5B0E009BA5CB /* LoginViewController.swift in Sources */ = {isa = PBXBuildFile; fileRef = 01C55993252D5B0E009BA5CB /* LoginViewController.swift */; };
		01C559A5252D5D8B009BA5CB /* SHButton.swift in Sources */ = {isa = PBXBuildFile; fileRef = 01C559A2252D5D8B009BA5CB /* SHButton.swift */; };
		01C559A6252D5D8B009BA5CB /* SHTextField.swift in Sources */ = {isa = PBXBuildFile; fileRef = 01C559A3252D5D8B009BA5CB /* SHTextField.swift */; };
		01C559A7252D5D8B009BA5CB /* FontsName.swift in Sources */ = {isa = PBXBuildFile; fileRef = 01C559A4252D5D8B009BA5CB /* FontsName.swift */; };
		01E7CA73252FF31E00A89D75 /* UIViewController.swift in Sources */ = {isa = PBXBuildFile; fileRef = 01E7CA72252FF31E00A89D75 /* UIViewController.swift */; };
		01E7CA77252FF74600A89D75 /* HotelModel.swift in Sources */ = {isa = PBXBuildFile; fileRef = 01E7CA76252FF74600A89D75 /* HotelModel.swift */; };
		01E7CA7A252FF82600A89D75 /* MockHotel.swift in Sources */ = {isa = PBXBuildFile; fileRef = 01E7CA79252FF82600A89D75 /* MockHotel.swift */; };
		E79F5889252E7B5C00C0C055 /* Lato-Bold.ttf in Resources */ = {isa = PBXBuildFile; fileRef = E79F588B252E7B5C00C0C055 /* Lato-Bold.ttf */; };
		E79F588D252E7B6900C0C055 /* Lato-Light.ttf in Resources */ = {isa = PBXBuildFile; fileRef = E79F588F252E7B6900C0C055 /* Lato-Light.ttf */; };
		E79F5891252E7B7200C0C055 /* Lato-Regular.ttf in Resources */ = {isa = PBXBuildFile; fileRef = E79F5893252E7B7200C0C055 /* Lato-Regular.ttf */; };
		E7A893B5252E2BAA002C31F2 /* Login.storyboard in Resources */ = {isa = PBXBuildFile; fileRef = E7A893B4252E2BAA002C31F2 /* Login.storyboard */; };
		E7A893B8252E3312002C31F2 /* SegueType.swift in Sources */ = {isa = PBXBuildFile; fileRef = E7A893B7252E3312002C31F2 /* SegueType.swift */; };
/* End PBXBuildFile section */

/* Begin PBXFileReference section */
		012FC86F252E96A400995FDF /* Hotel.storyboard */ = {isa = PBXFileReference; lastKnownFileType = file.storyboard; path = Hotel.storyboard; sourceTree = "<group>"; };
		016857C225311A2300867498 /* MainNavigationController.swift */ = {isa = PBXFileReference; lastKnownFileType = sourcecode.swift; path = MainNavigationController.swift; sourceTree = "<group>"; };
		016857C72531208700867498 /* Helper.swift */ = {isa = PBXFileReference; lastKnownFileType = sourcecode.swift; path = Helper.swift; sourceTree = "<group>"; };
		01C55956252D4EFE009BA5CB /* SuperHotelApp.app */ = {isa = PBXFileReference; explicitFileType = wrapper.application; includeInIndex = 0; path = SuperHotelApp.app; sourceTree = BUILT_PRODUCTS_DIR; };
		01C55959252D4EFE009BA5CB /* AppDelegate.swift */ = {isa = PBXFileReference; lastKnownFileType = sourcecode.swift; path = AppDelegate.swift; sourceTree = "<group>"; };
		01C5595B252D4EFE009BA5CB /* SceneDelegate.swift */ = {isa = PBXFileReference; lastKnownFileType = sourcecode.swift; path = SceneDelegate.swift; sourceTree = "<group>"; };
		01C55960252D4EFE009BA5CB /* Base */ = {isa = PBXFileReference; lastKnownFileType = file.storyboard; name = Base; path = Base.lproj/Main.storyboard; sourceTree = "<group>"; };
		01C55962252D4EFF009BA5CB /* Assets.xcassets */ = {isa = PBXFileReference; lastKnownFileType = folder.assetcatalog; path = Assets.xcassets; sourceTree = "<group>"; };
		01C55965252D4EFF009BA5CB /* Base */ = {isa = PBXFileReference; lastKnownFileType = file.storyboard; name = Base; path = Base.lproj/LaunchScreen.storyboard; sourceTree = "<group>"; };
		01C55967252D4EFF009BA5CB /* Info.plist */ = {isa = PBXFileReference; lastKnownFileType = text.plist.xml; path = Info.plist; sourceTree = "<group>"; };
		01C5597D252D5AD0009BA5CB /* WelcomeViewController.swift */ = {isa = PBXFileReference; fileEncoding = 4; lastKnownFileType = sourcecode.swift; path = WelcomeViewController.swift; sourceTree = "<group>"; };
		01C55980252D5AE3009BA5CB /* ProfileViewController.swift */ = {isa = PBXFileReference; fileEncoding = 4; lastKnownFileType = sourcecode.swift; path = ProfileViewController.swift; sourceTree = "<group>"; };
		01C55981252D5AE3009BA5CB /* RegisterViewController.swift */ = {isa = PBXFileReference; fileEncoding = 4; lastKnownFileType = sourcecode.swift; path = RegisterViewController.swift; sourceTree = "<group>"; };
		01C55982252D5AE3009BA5CB /* EditRegisterViewController.swift */ = {isa = PBXFileReference; fileEncoding = 4; lastKnownFileType = sourcecode.swift; path = EditRegisterViewController.swift; sourceTree = "<group>"; };
		01C55987252D5AEE009BA5CB /* SearchHotelVC.swift */ = {isa = PBXFileReference; fileEncoding = 4; lastKnownFileType = sourcecode.swift; path = SearchHotelVC.swift; sourceTree = "<group>"; };
		01C55988252D5AEE009BA5CB /* HotelDetailVC.swift */ = {isa = PBXFileReference; fileEncoding = 4; lastKnownFileType = sourcecode.swift; path = HotelDetailVC.swift; sourceTree = "<group>"; };
		01C5598C252D5AF7009BA5CB /* BookingListViewController.swift */ = {isa = PBXFileReference; fileEncoding = 4; lastKnownFileType = sourcecode.swift; path = BookingListViewController.swift; sourceTree = "<group>"; };
		01C5598D252D5AF7009BA5CB /* BookingDetailViewController.swift */ = {isa = PBXFileReference; fileEncoding = 4; lastKnownFileType = sourcecode.swift; path = BookingDetailViewController.swift; sourceTree = "<group>"; };
		01C5598E252D5AF7009BA5CB /* BookingVC.swift */ = {isa = PBXFileReference; fileEncoding = 4; lastKnownFileType = sourcecode.swift; path = BookingVC.swift; sourceTree = "<group>"; };
		01C55993252D5B0E009BA5CB /* LoginViewController.swift */ = {isa = PBXFileReference; lastKnownFileType = sourcecode.swift; path = LoginViewController.swift; sourceTree = "<group>"; };
		01C559A2252D5D8B009BA5CB /* SHButton.swift */ = {isa = PBXFileReference; fileEncoding = 4; lastKnownFileType = sourcecode.swift; path = SHButton.swift; sourceTree = "<group>"; };
		01C559A3252D5D8B009BA5CB /* SHTextField.swift */ = {isa = PBXFileReference; fileEncoding = 4; lastKnownFileType = sourcecode.swift; path = SHTextField.swift; sourceTree = "<group>"; };
		01C559A4252D5D8B009BA5CB /* FontsName.swift */ = {isa = PBXFileReference; fileEncoding = 4; lastKnownFileType = sourcecode.swift; path = FontsName.swift; sourceTree = "<group>"; };
		01E7CA72252FF31E00A89D75 /* UIViewController.swift */ = {isa = PBXFileReference; lastKnownFileType = sourcecode.swift; path = UIViewController.swift; sourceTree = "<group>"; };
		01E7CA76252FF74600A89D75 /* HotelModel.swift */ = {isa = PBXFileReference; lastKnownFileType = sourcecode.swift; path = HotelModel.swift; sourceTree = "<group>"; };
		01E7CA79252FF82600A89D75 /* MockHotel.swift */ = {isa = PBXFileReference; lastKnownFileType = sourcecode.swift; path = MockHotel.swift; sourceTree = "<group>"; };
		E79F588A252E7B5C00C0C055 /* Base */ = {isa = PBXFileReference; lastKnownFileType = file; name = Base; path = "Base.lproj/Lato-Bold.ttf"; sourceTree = "<group>"; };
		E79F588E252E7B6900C0C055 /* Base */ = {isa = PBXFileReference; lastKnownFileType = file; name = Base; path = "Base.lproj/Lato-Light.ttf"; sourceTree = "<group>"; };
		E79F5892252E7B7200C0C055 /* Base */ = {isa = PBXFileReference; lastKnownFileType = file; name = Base; path = "Base.lproj/Lato-Regular.ttf"; sourceTree = "<group>"; };
		E7A893B4252E2BAA002C31F2 /* Login.storyboard */ = {isa = PBXFileReference; lastKnownFileType = file.storyboard; path = Login.storyboard; sourceTree = "<group>"; };
		E7A893B7252E3312002C31F2 /* SegueType.swift */ = {isa = PBXFileReference; lastKnownFileType = sourcecode.swift; path = SegueType.swift; sourceTree = "<group>"; };
/* End PBXFileReference section */

/* Begin PBXFrameworksBuildPhase section */
		01C55953252D4EFE009BA5CB /* Frameworks */ = {
			isa = PBXFrameworksBuildPhase;
			buildActionMask = 2147483647;
			files = (
			);
			runOnlyForDeploymentPostprocessing = 0;
		};
/* End PBXFrameworksBuildPhase section */

/* Begin PBXGroup section */
		012FC872252EA33400995FDF /* Detail */ = {
			isa = PBXGroup;
			children = (
				01C55988252D5AEE009BA5CB /* HotelDetailVC.swift */,
			);
			path = Detail;
			sourceTree = "<group>";
		};
		012FC873252EA34C00995FDF /* Search */ = {
			isa = PBXGroup;
			children = (
				01C55987252D5AEE009BA5CB /* SearchHotelVC.swift */,
			);
			path = Search;
			sourceTree = "<group>";
		};
		016857C62531206D00867498 /* Helper */ = {
			isa = PBXGroup;
			children = (
				016857C72531208700867498 /* Helper.swift */,
			);
			path = Helper;
			sourceTree = "<group>";
		};
		01C5594D252D4EFE009BA5CB = {
			isa = PBXGroup;
			children = (
				01C55958252D4EFE009BA5CB /* SuperHotelApp */,
				01C55957252D4EFE009BA5CB /* Products */,
			);
			sourceTree = "<group>";
		};
		01C55957252D4EFE009BA5CB /* Products */ = {
			isa = PBXGroup;
			children = (
				01C55956252D4EFE009BA5CB /* SuperHotelApp.app */,
			);
			name = Products;
			sourceTree = "<group>";
		};
		01C55958252D4EFE009BA5CB /* SuperHotelApp */ = {
			isa = PBXGroup;
			children = (
				016857C62531206D00867498 /* Helper */,
				01C55999252D5C67009BA5CB /* CustomLayout */,
				01C5597B252D5A61009BA5CB /* Login */,
				01C55971252D59C5009BA5CB /* Welcome */,
				01C55970252D59A4009BA5CB /* Register */,
				01C5596F252D599D009BA5CB /* Hotel */,
				01C5596E252D5995009BA5CB /* Booking */,
				01C55959252D4EFE009BA5CB /* AppDelegate.swift */,
				01C5595B252D4EFE009BA5CB /* SceneDelegate.swift */,
				01C5595F252D4EFE009BA5CB /* Main.storyboard */,
				01C55962252D4EFF009BA5CB /* Assets.xcassets */,
				01C55964252D4EFF009BA5CB /* LaunchScreen.storyboard */,
				01C55967252D4EFF009BA5CB /* Info.plist */,
				E7A893B4252E2BAA002C31F2 /* Login.storyboard */,
				012FC86F252E96A400995FDF /* Hotel.storyboard */,
				016857C225311A2300867498 /* MainNavigationController.swift */,
			);
			path = SuperHotelApp;
			sourceTree = "<group>";
		};
		01C5596E252D5995009BA5CB /* Booking */ = {
			isa = PBXGroup;
			children = (
				01C5598D252D5AF7009BA5CB /* BookingDetailViewController.swift */,
				01C5598C252D5AF7009BA5CB /* BookingListViewController.swift */,
				01C5598E252D5AF7009BA5CB /* BookingVC.swift */,
			);
			path = Booking;
			sourceTree = "<group>";
		};
		01C5596F252D599D009BA5CB /* Hotel */ = {
			isa = PBXGroup;
			children = (
				012FC873252EA34C00995FDF /* Search */,
				012FC872252EA33400995FDF /* Detail */,
				01E7CA76252FF74600A89D75 /* HotelModel.swift */,
				01E7CA79252FF82600A89D75 /* MockHotel.swift */,
			);
			path = Hotel;
			sourceTree = "<group>";
		};
		01C55970252D59A4009BA5CB /* Register */ = {
			isa = PBXGroup;
			children = (
				01C55982252D5AE3009BA5CB /* EditRegisterViewController.swift */,
				01C55980252D5AE3009BA5CB /* ProfileViewController.swift */,
				01C55981252D5AE3009BA5CB /* RegisterViewController.swift */,
			);
			path = Register;
			sourceTree = "<group>";
		};
		01C55971252D59C5009BA5CB /* Welcome */ = {
			isa = PBXGroup;
			children = (
				01C5597D252D5AD0009BA5CB /* WelcomeViewController.swift */,
				E7A893B7252E3312002C31F2 /* SegueType.swift */,
			);
			path = Welcome;
			sourceTree = "<group>";
		};
		01C5597B252D5A61009BA5CB /* Login */ = {
			isa = PBXGroup;
			children = (
				01C55993252D5B0E009BA5CB /* LoginViewController.swift */,
			);
			path = Login;
			sourceTree = "<group>";
		};
		01C55999252D5C67009BA5CB /* CustomLayout */ = {
			isa = PBXGroup;
			children = (
				01C559A4252D5D8B009BA5CB /* FontsName.swift */,
				01C559A2252D5D8B009BA5CB /* SHButton.swift */,
				01C559A3252D5D8B009BA5CB /* SHTextField.swift */,
				01E7CA72252FF31E00A89D75 /* UIViewController.swift */,
				01C5599A252D5C76009BA5CB /* Font */,
			);
			path = CustomLayout;
			sourceTree = "<group>";
		};
		01C5599A252D5C76009BA5CB /* Font */ = {
			isa = PBXGroup;
			children = (
				E79F588B252E7B5C00C0C055 /* Lato-Bold.ttf */,
				E79F588F252E7B6900C0C055 /* Lato-Light.ttf */,
				E79F5893252E7B7200C0C055 /* Lato-Regular.ttf */,
			);
			path = Font;
			sourceTree = "<group>";
		};
/* End PBXGroup section */

/* Begin PBXNativeTarget section */
		01C55955252D4EFE009BA5CB /* SuperHotelApp */ = {
			isa = PBXNativeTarget;
			buildConfigurationList = 01C5596A252D4EFF009BA5CB /* Build configuration list for PBXNativeTarget "SuperHotelApp" */;
			buildPhases = (
				01C55952252D4EFE009BA5CB /* Sources */,
				01C55953252D4EFE009BA5CB /* Frameworks */,
				01C55954252D4EFE009BA5CB /* Resources */,
			);
			buildRules = (
			);
			dependencies = (
			);
			name = SuperHotelApp;
			productName = SuperHotelApp;
			productReference = 01C55956252D4EFE009BA5CB /* SuperHotelApp.app */;
			productType = "com.apple.product-type.application";
		};
/* End PBXNativeTarget section */

/* Begin PBXProject section */
		01C5594E252D4EFE009BA5CB /* Project object */ = {
			isa = PBXProject;
			attributes = {
				LastSwiftUpdateCheck = 1200;
				LastUpgradeCheck = 1200;
				TargetAttributes = {
					01C55955252D4EFE009BA5CB = {
						CreatedOnToolsVersion = 12.0;
					};
				};
			};
			buildConfigurationList = 01C55951252D4EFE009BA5CB /* Build configuration list for PBXProject "SuperHotelApp" */;
			compatibilityVersion = "Xcode 9.3";
			developmentRegion = en;
			hasScannedForEncodings = 0;
			knownRegions = (
				en,
				Base,
			);
			mainGroup = 01C5594D252D4EFE009BA5CB;
			productRefGroup = 01C55957252D4EFE009BA5CB /* Products */;
			projectDirPath = "";
			projectRoot = "";
			targets = (
				01C55955252D4EFE009BA5CB /* SuperHotelApp */,
			);
		};
/* End PBXProject section */

/* Begin PBXResourcesBuildPhase section */
		01C55954252D4EFE009BA5CB /* Resources */ = {
			isa = PBXResourcesBuildPhase;
			buildActionMask = 2147483647;
			files = (
				01C55966252D4EFF009BA5CB /* LaunchScreen.storyboard in Resources */,
				E79F5889252E7B5C00C0C055 /* Lato-Bold.ttf in Resources */,
				E7A893B5252E2BAA002C31F2 /* Login.storyboard in Resources */,
				012FC870252E96A400995FDF /* Hotel.storyboard in Resources */,
				01C55963252D4EFF009BA5CB /* Assets.xcassets in Resources */,
				E79F588D252E7B6900C0C055 /* Lato-Light.ttf in Resources */,
				01C55961252D4EFE009BA5CB /* Main.storyboard in Resources */,
				E79F5891252E7B7200C0C055 /* Lato-Regular.ttf in Resources */,
			);
			runOnlyForDeploymentPostprocessing = 0;
		};
/* End PBXResourcesBuildPhase section */

/* Begin PBXSourcesBuildPhase section */
		01C55952252D4EFE009BA5CB /* Sources */ = {
			isa = PBXSourcesBuildPhase;
			buildActionMask = 2147483647;
			files = (
				01C5598F252D5AF7009BA5CB /* BookingListViewController.swift in Sources */,
				01C5598A252D5AEE009BA5CB /* HotelDetailVC.swift in Sources */,
				01E7CA73252FF31E00A89D75 /* UIViewController.swift in Sources */,
				01C5597E252D5AD0009BA5CB /* WelcomeViewController.swift in Sources */,
				01C559A5252D5D8B009BA5CB /* SHButton.swift in Sources */,
				01C559A7252D5D8B009BA5CB /* FontsName.swift in Sources */,
				01C55983252D5AE3009BA5CB /* ProfileViewController.swift in Sources */,
				01E7CA7A252FF82600A89D75 /* MockHotel.swift in Sources */,
				01E7CA77252FF74600A89D75 /* HotelModel.swift in Sources */,
				01C55989252D5AEE009BA5CB /* SearchHotelVC.swift in Sources */,
				016857C82531208700867498 /* Helper.swift in Sources */,
				01C55984252D5AE3009BA5CB /* RegisterViewController.swift in Sources */,
				01C5595A252D4EFE009BA5CB /* AppDelegate.swift in Sources */,
				01C5595C252D4EFE009BA5CB /* SceneDelegate.swift in Sources */,
				01C559A6252D5D8B009BA5CB /* SHTextField.swift in Sources */,
				01C55985252D5AE3009BA5CB /* EditRegisterViewController.swift in Sources */,
				01C55991252D5AF7009BA5CB /* BookingVC.swift in Sources */,
				E7A893B8252E3312002C31F2 /* SegueType.swift in Sources */,
				016857C325311A2300867498 /* MainNavigationController.swift in Sources */,
				01C55994252D5B0E009BA5CB /* LoginViewController.swift in Sources */,
				01C55990252D5AF7009BA5CB /* BookingDetailViewController.swift in Sources */,
			);
			runOnlyForDeploymentPostprocessing = 0;
		};
/* End PBXSourcesBuildPhase section */

/* Begin PBXVariantGroup section */
		01C5595F252D4EFE009BA5CB /* Main.storyboard */ = {
			isa = PBXVariantGroup;
			children = (
				01C55960252D4EFE009BA5CB /* Base */,
			);
			name = Main.storyboard;
			sourceTree = "<group>";
		};
		01C55964252D4EFF009BA5CB /* LaunchScreen.storyboard */ = {
			isa = PBXVariantGroup;
			children = (
				01C55965252D4EFF009BA5CB /* Base */,
			);
			name = LaunchScreen.storyboard;
			sourceTree = "<group>";
		};
		E79F588B252E7B5C00C0C055 /* Lato-Bold.ttf */ = {
			isa = PBXVariantGroup;
			children = (
				E79F588A252E7B5C00C0C055 /* Base */,
			);
			name = "Lato-Bold.ttf";
			sourceTree = "<group>";
		};
		E79F588F252E7B6900C0C055 /* Lato-Light.ttf */ = {
			isa = PBXVariantGroup;
			children = (
				E79F588E252E7B6900C0C055 /* Base */,
			);
			name = "Lato-Light.ttf";
			sourceTree = "<group>";
		};
		E79F5893252E7B7200C0C055 /* Lato-Regular.ttf */ = {
			isa = PBXVariantGroup;
			children = (
				E79F5892252E7B7200C0C055 /* Base */,
			);
			name = "Lato-Regular.ttf";
			sourceTree = "<group>";
		};
/* End PBXVariantGroup section */

/* Begin XCBuildConfiguration section */
		01C55968252D4EFF009BA5CB /* Debug */ = {
			isa = XCBuildConfiguration;
			buildSettings = {
				ALWAYS_SEARCH_USER_PATHS = NO;
				CLANG_ANALYZER_NONNULL = YES;
				CLANG_ANALYZER_NUMBER_OBJECT_CONVERSION = YES_AGGRESSIVE;
				CLANG_CXX_LANGUAGE_STANDARD = "gnu++14";
				CLANG_CXX_LIBRARY = "libc++";
				CLANG_ENABLE_MODULES = YES;
				CLANG_ENABLE_OBJC_ARC = YES;
				CLANG_ENABLE_OBJC_WEAK = YES;
				CLANG_WARN_BLOCK_CAPTURE_AUTORELEASING = YES;
				CLANG_WARN_BOOL_CONVERSION = YES;
				CLANG_WARN_COMMA = YES;
				CLANG_WARN_CONSTANT_CONVERSION = YES;
				CLANG_WARN_DEPRECATED_OBJC_IMPLEMENTATIONS = YES;
				CLANG_WARN_DIRECT_OBJC_ISA_USAGE = YES_ERROR;
				CLANG_WARN_DOCUMENTATION_COMMENTS = YES;
				CLANG_WARN_EMPTY_BODY = YES;
				CLANG_WARN_ENUM_CONVERSION = YES;
				CLANG_WARN_INFINITE_RECURSION = YES;
				CLANG_WARN_INT_CONVERSION = YES;
				CLANG_WARN_NON_LITERAL_NULL_CONVERSION = YES;
				CLANG_WARN_OBJC_IMPLICIT_RETAIN_SELF = YES;
				CLANG_WARN_OBJC_LITERAL_CONVERSION = YES;
				CLANG_WARN_OBJC_ROOT_CLASS = YES_ERROR;
				CLANG_WARN_QUOTED_INCLUDE_IN_FRAMEWORK_HEADER = YES;
				CLANG_WARN_RANGE_LOOP_ANALYSIS = YES;
				CLANG_WARN_STRICT_PROTOTYPES = YES;
				CLANG_WARN_SUSPICIOUS_MOVE = YES;
				CLANG_WARN_UNGUARDED_AVAILABILITY = YES_AGGRESSIVE;
				CLANG_WARN_UNREACHABLE_CODE = YES;
				CLANG_WARN__DUPLICATE_METHOD_MATCH = YES;
				COPY_PHASE_STRIP = NO;
				DEBUG_INFORMATION_FORMAT = dwarf;
				ENABLE_STRICT_OBJC_MSGSEND = YES;
				ENABLE_TESTABILITY = YES;
				GCC_C_LANGUAGE_STANDARD = gnu11;
				GCC_DYNAMIC_NO_PIC = NO;
				GCC_NO_COMMON_BLOCKS = YES;
				GCC_OPTIMIZATION_LEVEL = 0;
				GCC_PREPROCESSOR_DEFINITIONS = (
					"DEBUG=1",
					"$(inherited)",
				);
				GCC_WARN_64_TO_32_BIT_CONVERSION = YES;
				GCC_WARN_ABOUT_RETURN_TYPE = YES_ERROR;
				GCC_WARN_UNDECLARED_SELECTOR = YES;
				GCC_WARN_UNINITIALIZED_AUTOS = YES_AGGRESSIVE;
				GCC_WARN_UNUSED_FUNCTION = YES;
				GCC_WARN_UNUSED_VARIABLE = YES;
				IPHONEOS_DEPLOYMENT_TARGET = 14.0;
				MTL_ENABLE_DEBUG_INFO = INCLUDE_SOURCE;
				MTL_FAST_MATH = YES;
				ONLY_ACTIVE_ARCH = YES;
				SDKROOT = iphoneos;
				SWIFT_ACTIVE_COMPILATION_CONDITIONS = DEBUG;
				SWIFT_OPTIMIZATION_LEVEL = "-Onone";
			};
			name = Debug;
		};
		01C55969252D4EFF009BA5CB /* Release */ = {
			isa = XCBuildConfiguration;
			buildSettings = {
				ALWAYS_SEARCH_USER_PATHS = NO;
				CLANG_ANALYZER_NONNULL = YES;
				CLANG_ANALYZER_NUMBER_OBJECT_CONVERSION = YES_AGGRESSIVE;
				CLANG_CXX_LANGUAGE_STANDARD = "gnu++14";
				CLANG_CXX_LIBRARY = "libc++";
				CLANG_ENABLE_MODULES = YES;
				CLANG_ENABLE_OBJC_ARC = YES;
				CLANG_ENABLE_OBJC_WEAK = YES;
				CLANG_WARN_BLOCK_CAPTURE_AUTORELEASING = YES;
				CLANG_WARN_BOOL_CONVERSION = YES;
				CLANG_WARN_COMMA = YES;
				CLANG_WARN_CONSTANT_CONVERSION = YES;
				CLANG_WARN_DEPRECATED_OBJC_IMPLEMENTATIONS = YES;
				CLANG_WARN_DIRECT_OBJC_ISA_USAGE = YES_ERROR;
				CLANG_WARN_DOCUMENTATION_COMMENTS = YES;
				CLANG_WARN_EMPTY_BODY = YES;
				CLANG_WARN_ENUM_CONVERSION = YES;
				CLANG_WARN_INFINITE_RECURSION = YES;
				CLANG_WARN_INT_CONVERSION = YES;
				CLANG_WARN_NON_LITERAL_NULL_CONVERSION = YES;
				CLANG_WARN_OBJC_IMPLICIT_RETAIN_SELF = YES;
				CLANG_WARN_OBJC_LITERAL_CONVERSION = YES;
				CLANG_WARN_OBJC_ROOT_CLASS = YES_ERROR;
				CLANG_WARN_QUOTED_INCLUDE_IN_FRAMEWORK_HEADER = YES;
				CLANG_WARN_RANGE_LOOP_ANALYSIS = YES;
				CLANG_WARN_STRICT_PROTOTYPES = YES;
				CLANG_WARN_SUSPICIOUS_MOVE = YES;
				CLANG_WARN_UNGUARDED_AVAILABILITY = YES_AGGRESSIVE;
				CLANG_WARN_UNREACHABLE_CODE = YES;
				CLANG_WARN__DUPLICATE_METHOD_MATCH = YES;
				COPY_PHASE_STRIP = NO;
				DEBUG_INFORMATION_FORMAT = "dwarf-with-dsym";
				ENABLE_NS_ASSERTIONS = NO;
				ENABLE_STRICT_OBJC_MSGSEND = YES;
				GCC_C_LANGUAGE_STANDARD = gnu11;
				GCC_NO_COMMON_BLOCKS = YES;
				GCC_WARN_64_TO_32_BIT_CONVERSION = YES;
				GCC_WARN_ABOUT_RETURN_TYPE = YES_ERROR;
				GCC_WARN_UNDECLARED_SELECTOR = YES;
				GCC_WARN_UNINITIALIZED_AUTOS = YES_AGGRESSIVE;
				GCC_WARN_UNUSED_FUNCTION = YES;
				GCC_WARN_UNUSED_VARIABLE = YES;
				IPHONEOS_DEPLOYMENT_TARGET = 14.0;
				MTL_ENABLE_DEBUG_INFO = NO;
				MTL_FAST_MATH = YES;
				SDKROOT = iphoneos;
				SWIFT_COMPILATION_MODE = wholemodule;
				SWIFT_OPTIMIZATION_LEVEL = "-O";
				VALIDATE_PRODUCT = YES;
			};
			name = Release;
		};
		01C5596B252D4EFF009BA5CB /* Debug */ = {
			isa = XCBuildConfiguration;
			buildSettings = {
				ASSETCATALOG_COMPILER_APPICON_NAME = AppIcon;
				ASSETCATALOG_COMPILER_GLOBAL_ACCENT_COLOR_NAME = AccentColor;
				CODE_SIGN_STYLE = Automatic;
				INFOPLIST_FILE = SuperHotelApp/Info.plist;
				LD_RUNPATH_SEARCH_PATHS = (
					"$(inherited)",
					"@executable_path/Frameworks",
				);
				PRODUCT_BUNDLE_IDENTIFIER = "Rafael-Miguel.SuperHotelApp";
				PRODUCT_NAME = "$(TARGET_NAME)";
				SWIFT_VERSION = 5.0;
				TARGETED_DEVICE_FAMILY = "1,2";
			};
			name = Debug;
		};
		01C5596C252D4EFF009BA5CB /* Release */ = {
			isa = XCBuildConfiguration;
			buildSettings = {
				ASSETCATALOG_COMPILER_APPICON_NAME = AppIcon;
				ASSETCATALOG_COMPILER_GLOBAL_ACCENT_COLOR_NAME = AccentColor;
				CODE_SIGN_STYLE = Automatic;
				INFOPLIST_FILE = SuperHotelApp/Info.plist;
				LD_RUNPATH_SEARCH_PATHS = (
					"$(inherited)",
					"@executable_path/Frameworks",
				);
				PRODUCT_BUNDLE_IDENTIFIER = "Rafael-Miguel.SuperHotelApp";
				PRODUCT_NAME = "$(TARGET_NAME)";
				SWIFT_VERSION = 5.0;
				TARGETED_DEVICE_FAMILY = "1,2";
			};
			name = Release;
		};
/* End XCBuildConfiguration section */

/* Begin XCConfigurationList section */
		01C55951252D4EFE009BA5CB /* Build configuration list for PBXProject "SuperHotelApp" */ = {
			isa = XCConfigurationList;
			buildConfigurations = (
				01C55968252D4EFF009BA5CB /* Debug */,
				01C55969252D4EFF009BA5CB /* Release */,
			);
			defaultConfigurationIsVisible = 0;
			defaultConfigurationName = Release;
		};
		01C5596A252D4EFF009BA5CB /* Build configuration list for PBXNativeTarget "SuperHotelApp" */ = {
			isa = XCConfigurationList;
			buildConfigurations = (
				01C5596B252D4EFF009BA5CB /* Debug */,
				01C5596C252D4EFF009BA5CB /* Release */,
			);
			defaultConfigurationIsVisible = 0;
			defaultConfigurationName = Release;
		};
/* End XCConfigurationList section */
	};
	rootObject = 01C5594E252D4EFE009BA5CB /* Project object */;
}
